schemaVersion: 1
workspace:
  version: "0.2.0"
runtime:
  node:
    version: "24.21.0"
    source: "node:24.21.0-trixie-slim@sha256:8ec5d7557396cfe32d21c3f9c13072355ceab22b584578ca4bb28af31120cffe"
  python:
    version: "hermes-managed-compatible"
    source: "Hermes official installer"
tools:
  hermes:
    version: "0.21.5"
    releaseTag: "v2026.9.24"
    commit: "f97608f178d1ffeca59860195ab7da295f7c8e5f"
    source: "NousResearch/hermes-agent release-tag installer"
  herdr:
    version: "deferred-to-M3"
    source: "official"
  claudeCode:
    version: "2.1.289"
    releaseTag: "v2.1.289"
    source: "anthropics/claude-code official release artifact"
  codex:
    version: "0.160.0"
    releaseTag: "rust-v0.160.0"
    source: "npm:@openai/codex"
  openCode:
    version: "1.18.34"
    releaseTag: "v1.18.34"
    source: "npm:opencode-ai"
  rtk:
    version: "deferred-to-M5"
    source: "rtk-ai/rtk"
  openViking:
    version: "deferred-to-M6"
    source: "volcengine/OpenViking"
